
Microsoft Visual Studio Solution File, Format Version 12.00
# Visual Studio Version 16
VisualStudioVersion = 16.0.30204.135
MinimumVisualStudioVersion = 10.0.40219.1
Project("{D954291E-2A0B-460D-934E-DC6B0785DB48}") = "SimpleRSS.Shared", "SimpleRSS\SimpleRSS.Shared\SimpleRSS.Shared.shproj", "{6279C845-92F8-4333-AB99-3D213163593C}"
EndProject
Project("{FAE04EC0-301F-11D3-BF4B-00C04F79EFBC}") = "SimpleRSS.Droid", "SimpleRSS\SimpleRSS.Droid\SimpleRSS.Droid.csproj", "{C4EF137D-07C4-454F-B78B-840E544626B3}"
EndProject
Project("{FAE04EC0-301F-11D3-BF4B-00C04F79EFBC}") = "SimpleRSS.iOS", "SimpleRSS\SimpleRSS.iOS\SimpleRSS.iOS.csproj", "{F963ED69-7455-4BA0-9E5F-A2DD466F57A1}"
EndProject
Project("{FAE04EC0-301F-11D3-BF4B-00C04F79EFBC}") = "SimpleRSS.UWP", "SimpleRSS\SimpleRSS.UWP\SimpleRSS.UWP.csproj", "{A73157A5-7307-4B7F-A078-5B3B6DA4C2CE}"
EndProject
Project("{FAE04EC0-301F-11D3-BF4B-00C04F79EFBC}") = "SimpleRSS.Wasm", "SimpleRSS\SimpleRSS.Wasm\SimpleRSS.Wasm.csproj", "{749DDA8D-0AF6-4F23-AFA9-B3D533481F3D}"
EndProject
Project("{FAE04EC0-301F-11D3-BF4B-00C04F79EFBC}") = "SimpleRSS.macOS", "SimpleRSS\SimpleRSS.macOS\SimpleRSS.macOS.csproj", "{B33E8423-6596-4EA8-99DA-181E7A167B78}"
EndProject
Global
	GlobalSection(SharedMSBuildProjectFiles) = preSolution
		SimpleRSS\SimpleRSS.Shared\SimpleRSS.Shared.projitems*{6279c845-92f8-4333-ab99-3d213163593c}*SharedItemsImports = 13
		SimpleRSS\SimpleRSS.Shared\SimpleRSS.Shared.projitems*{749dda8d-0af6-4f23-afa9-b3d533481f3d}*SharedItemsImports = 5
		SimpleRSS\SimpleRSS.Shared\SimpleRSS.Shared.projitems*{a73157a5-7307-4b7f-a078-5b3b6da4c2ce}*SharedItemsImports = 4
		SimpleRSS\SimpleRSS.Shared\SimpleRSS.Shared.projitems*{b33e8423-6596-4ea8-99da-181e7a167b78}*SharedItemsImports = 4
		SimpleRSS\SimpleRSS.Shared\SimpleRSS.Shared.projitems*{c4ef137d-07c4-454f-b78b-840e544626b3}*SharedItemsImports = 4
		SimpleRSS\SimpleRSS.Shared\SimpleRSS.Shared.projitems*{f963ed69-7455-4ba0-9e5f-a2dd466f57a1}*SharedItemsImports = 4
	EndGlobalSection
	GlobalSection(SolutionConfigurationPlatforms) = preSolution
		Ad-Hoc|Any CPU = Ad-Hoc|Any CPU
		Ad-Hoc|ARM = Ad-Hoc|ARM
		Ad-Hoc|ARM64 = Ad-Hoc|ARM64
		Ad-Hoc|iPhone = Ad-Hoc|iPhone
		Ad-Hoc|iPhoneSimulator = Ad-Hoc|iPhoneSimulator
		Ad-Hoc|x64 = Ad-Hoc|x64
		Ad-Hoc|x86 = Ad-Hoc|x86
		AppStore|Any CPU = AppStore|Any CPU
		AppStore|ARM = AppStore|ARM
		AppStore|ARM64 = AppStore|ARM64
		AppStore|iPhone = AppStore|iPhone
		AppStore|iPhoneSimulator = AppStore|iPhoneSimulator
		AppStore|x64 = AppStore|x64
		AppStore|x86 = AppStore|x86
		Debug|Any CPU = Debug|Any CPU
		Debug|ARM = Debug|ARM
		Debug|ARM64 = Debug|ARM64
		Debug|iPhone = Debug|iPhone
		Debug|iPhoneSimulator = Debug|iPhoneSimulator
		Debug|x64 = Debug|x64
		Debug|x86 = Debug|x86
		Release|Any CPU = Release|Any CPU
		Release|ARM = Release|ARM
		Release|ARM64 = Release|ARM64
		Release|iPhone = Release|iPhone
		Release|iPhoneSimulator = Release|iPhoneSimulator
		Release|x64 = Release|x64
		Release|x86 = Release|x86
	EndGlobalSection
	GlobalSection(ProjectConfigurationPlatforms) = postSolution
		{C4EF137D-07C4-454F-B78B-840E544626B3}.Ad-Hoc|Any CPU.ActiveCfg = Release|Any CPU
		{C4EF137D-07C4-454F-B78B-840E544626B3}.Ad-Hoc|Any CPU.Build.0 = Release|Any CPU
		{C4EF137D-07C4-454F-B78B-840E544626B3}.Ad-Hoc|Any CPU.Deploy.0 = Release|Any CPU
		{C4EF137D-07C4-454F-B78B-840E544626B3}.Ad-Hoc|ARM.ActiveCfg = Release|Any CPU
		{C4EF137D-07C4-454F-B78B-840E544626B3}.Ad-Hoc|ARM.Build.0 = Release|Any CPU
		{C4EF137D-07C4-454F-B78B-840E544626B3}.Ad-Hoc|ARM.Deploy.0 = Release|Any CPU
		{C4EF137D-07C4-454F-B78B-840E544626B3}.Ad-Hoc|ARM64.ActiveCfg = Release|Any CPU
		{C4EF137D-07C4-454F-B78B-840E544626B3}.Ad-Hoc|ARM64.Build.0 = Release|Any CPU
		{C4EF137D-07C4-454F-B78B-840E544626B3}.Ad-Hoc|ARM64.Deploy.0 = Release|Any CPU
		{C4EF137D-07C4-454F-B78B-840E544626B3}.Ad-Hoc|iPhone.ActiveCfg = Release|Any CPU
		{C4EF137D-07C4-454F-B78B-840E544626B3}.Ad-Hoc|iPhone.Build.0 = Release|Any CPU
		{C4EF137D-07C4-454F-B78B-840E544626B3}.Ad-Hoc|iPhone.Deploy.0 = Release|Any CPU
		{C4EF137D-07C4-454F-B78B-840E544626B3}.Ad-Hoc|iPhoneSimulator.ActiveCfg = Release|Any CPU
		{C4EF137D-07C4-454F-B78B-840E544626B3}.Ad-Hoc|iPhoneSimulator.Build.0 = Release|Any CPU
		{C4EF137D-07C4-454F-B78B-840E544626B3}.Ad-Hoc|iPhoneSimulator.Deploy.0 = Release|Any CPU
		{C4EF137D-07C4-454F-B78B-840E544626B3}.Ad-Hoc|x64.ActiveCfg = Release|Any CPU
		{C4EF137D-07C4-454F-B78B-840E544626B3}.Ad-Hoc|x64.Build.0 = Release|Any CPU
		{C4EF137D-07C4-454F-B78B-840E544626B3}.Ad-Hoc|x64.Deploy.0 = Release|Any CPU
		{C4EF137D-07C4-454F-B78B-840E544626B3}.Ad-Hoc|x86.ActiveCfg = Release|Any CPU
		{C4EF137D-07C4-454F-B78B-840E544626B3}.Ad-Hoc|x86.Build.0 = Release|Any CPU
		{C4EF137D-07C4-454F-B78B-840E544626B3}.Ad-Hoc|x86.Deploy.0 = Release|Any CPU
		{C4EF137D-07C4-454F-B78B-840E544626B3}.AppStore|Any CPU.ActiveCfg = Release|Any CPU
		{C4EF137D-07C4-454F-B78B-840E544626B3}.AppStore|Any CPU.Build.0 = Release|Any CPU
		{C4EF137D-07C4-454F-B78B-840E544626B3}.AppStore|Any CPU.Deploy.0 = Release|Any CPU
		{C4EF137D-07C4-454F-B78B-840E544626B3}.AppStore|ARM.ActiveCfg = Release|Any CPU
		{C4EF137D-07C4-454F-B78B-840E544626B3}.AppStore|ARM.Build.0 = Release|Any CPU
		{C4EF137D-07C4-454F-B78B-840E544626B3}.AppStore|ARM.Deploy.0 = Release|Any CPU
		{C4EF137D-07C4-454F-B78B-840E544626B3}.AppStore|ARM64.ActiveCfg = Release|Any CPU
		{C4EF137D-07C4-454F-B78B-840E544626B3}.AppStore|ARM64.Build.0 = Release|Any CPU
		{C4EF137D-07C4-454F-B78B-840E544626B3}.AppStore|ARM64.Deploy.0 = Release|Any CPU
		{C4EF137D-07C4-454F-B78B-840E544626B3}.AppStore|iPhone.ActiveCfg = Release|Any CPU
		{C4EF137D-07C4-454F-B78B-840E544626B3}.AppStore|iPhone.Build.0 = Release|Any CPU
		{C4EF137D-07C4-454F-B78B-840E544626B3}.AppStore|iPhone.Deploy.0 = Release|Any CPU
		{C4EF137D-07C4-454F-B78B-840E544626B3}.AppStore|iPhoneSimulator.ActiveCfg = Release|Any CPU
		{C4EF137D-07C4-454F-B78B-840E544626B3}.AppStore|iPhoneSimulator.Build.0 = Release|Any CPU
		{C4EF137D-07C4-454F-B78B-840E544626B3}.AppStore|iPhoneSimulator.Deploy.0 = Release|Any CPU
		{C4EF137D-07C4-454F-B78B-840E544626B3}.AppStore|x64.ActiveCfg = Release|Any CPU
		{C4EF137D-07C4-454F-B78B-840E544626B3}.AppStore|x64.Build.0 = Release|Any CPU
		{C4EF137D-07C4-454F-B78B-840E544626B3}.AppStore|x64.Deploy.0 = Release|Any CPU
		{C4EF137D-07C4-454F-B78B-840E544626B3}.AppStore|x86.ActiveCfg = Release|Any CPU
		{C4EF137D-07C4-454F-B78B-840E544626B3}.AppStore|x86.Build.0 = Release|Any CPU
		{C4EF137D-07C4-454F-B78B-840E544626B3}.AppStore|x86.Deploy.0 = Release|Any CPU
		{C4EF137D-07C4-454F-B78B-840E544626B3}.Debug|Any CPU.ActiveCfg = Debug|Any CPU
		{C4EF137D-07C4-454F-B78B-840E544626B3}.Debug|Any CPU.Build.0 = Debug|Any CPU
		{C4EF137D-07C4-454F-B78B-840E544626B3}.Debug|Any CPU.Deploy.0 = Debug|Any CPU
		{C4EF137D-07C4-454F-B78B-840E544626B3}.Debug|ARM.ActiveCfg = Debug|Any CPU
		{C4EF137D-07C4-454F-B78B-840E544626B3}.Debug|ARM.Build.0 = Debug|Any CPU
		{C4EF137D-07C4-454F-B78B-840E544626B3}.Debug|ARM.Deploy.0 = Debug|Any CPU
		{C4EF137D-07C4-454F-B78B-840E544626B3}.Debug|ARM64.ActiveCfg = Debug|Any CPU
		{C4EF137D-07C4-454F-B78B-840E544626B3}.Debug|ARM64.Build.0 = Debug|Any CPU
		{C4EF137D-07C4-454F-B78B-840E544626B3}.Debug|ARM64.Deploy.0 = Debug|Any CPU
		{C4EF137D-07C4-454F-B78B-840E544626B3}.Debug|iPhone.ActiveCfg = Debug|Any CPU
		{C4EF137D-07C4-454F-B78B-840E544626B3}.Debug|iPhone.Build.0 = Debug|Any CPU
		{C4EF137D-07C4-454F-B78B-840E544626B3}.Debug|iPhone.Deploy.0 = Debug|Any CPU
		{C4EF137D-07C4-454F-B78B-840E544626B3}.Debug|iPhoneSimulator.ActiveCfg = Debug|Any CPU
		{C4EF137D-07C4-454F-B78B-840E544626B3}.Debug|iPhoneSimulator.Build.0 = Debug|Any CPU
		{C4EF137D-07C4-454F-B78B-840E544626B3}.Debug|iPhoneSimulator.Deploy.0 = Debug|Any CPU
		{C4EF137D-07C4-454F-B78B-840E544626B3}.Debug|x64.ActiveCfg = Debug|Any CPU
		{C4EF137D-07C4-454F-B78B-840E544626B3}.Debug|x64.Build.0 = Debug|Any CPU
		{C4EF137D-07C4-454F-B78B-840E544626B3}.Debug|x64.Deploy.0 = Debug|Any CPU
		{C4EF137D-07C4-454F-B78B-840E544626B3}.Debug|x86.ActiveCfg = Debug|Any CPU
		{C4EF137D-07C4-454F-B78B-840E544626B3}.Debug|x86.Build.0 = Debug|Any CPU
		{C4EF137D-07C4-454F-B78B-840E544626B3}.Debug|x86.Deploy.0 = Debug|Any CPU
		{C4EF137D-07C4-454F-B78B-840E544626B3}.Release|Any CPU.ActiveCfg = Release|Any CPU
		{C4EF137D-07C4-454F-B78B-840E544626B3}.Release|Any CPU.Build.0 = Release|Any CPU
		{C4EF137D-07C4-454F-B78B-840E544626B3}.Release|Any CPU.Deploy.0 = Release|Any CPU
		{C4EF137D-07C4-454F-B78B-840E544626B3}.Release|ARM.ActiveCfg = Release|Any CPU
		{C4EF137D-07C4-454F-B78B-840E544626B3}.Release|ARM.Build.0 = Release|Any CPU
		{C4EF137D-07C4-454F-B78B-840E544626B3}.Release|ARM.Deploy.0 = Release|Any CPU
		{C4EF137D-07C4-454F-B78B-840E544626B3}.Release|ARM64.ActiveCfg = Release|Any CPU
		{C4EF137D-07C4-454F-B78B-840E544626B3}.Release|ARM64.Build.0 = Release|Any CPU
		{C4EF137D-07C4-454F-B78B-840E544626B3}.Release|ARM64.Deploy.0 = Release|Any CPU
		{C4EF137D-07C4-454F-B78B-840E544626B3}.Release|iPhone.ActiveCfg = Release|Any CPU
		{C4EF137D-07C4-454F-B78B-840E544626B3}.Release|iPhone.Build.0 = Release|Any CPU
		{C4EF137D-07C4-454F-B78B-840E544626B3}.Release|iPhone.Deploy.0 = Release|Any CPU
		{C4EF137D-07C4-454F-B78B-840E544626B3}.Release|iPhoneSimulator.ActiveCfg = Release|Any CPU
		{C4EF137D-07C4-454F-B78B-840E544626B3}.Release|iPhoneSimulator.Build.0 = Release|Any CPU
		{C4EF137D-07C4-454F-B78B-840E544626B3}.Release|iPhoneSimulator.Deploy.0 = Release|Any CPU
		{C4EF137D-07C4-454F-B78B-840E544626B3}.Release|x64.ActiveCfg = Release|Any CPU
		{C4EF137D-07C4-454F-B78B-840E544626B3}.Release|x64.Build.0 = Release|Any CPU
		{C4EF137D-07C4-454F-B78B-840E544626B3}.Release|x64.Deploy.0 = Release|Any CPU
		{C4EF137D-07C4-454F-B78B-840E544626B3}.Release|x86.ActiveCfg = Release|Any CPU
		{C4EF137D-07C4-454F-B78B-840E544626B3}.Release|x86.Build.0 = Release|Any CPU
		{C4EF137D-07C4-454F-B78B-840E544626B3}.Release|x86.Deploy.0 = Release|Any CPU
		{F963ED69-7455-4BA0-9E5F-A2DD466F57A1}.Ad-Hoc|Any CPU.ActiveCfg = Ad-Hoc|iPhone
		{F963ED69-7455-4BA0-9E5F-A2DD466F57A1}.Ad-Hoc|ARM.ActiveCfg = Ad-Hoc|iPhone
		{F963ED69-7455-4BA0-9E5F-A2DD466F57A1}.Ad-Hoc|ARM64.ActiveCfg = Ad-Hoc|iPhone
		{F963ED69-7455-4BA0-9E5F-A2DD466F57A1}.Ad-Hoc|iPhone.ActiveCfg = Ad-Hoc|iPhone
		{F963ED69-7455-4BA0-9E5F-A2DD466F57A1}.Ad-Hoc|iPhone.Build.0 = Ad-Hoc|iPhone
		{F963ED69-7455-4BA0-9E5F-A2DD466F57A1}.Ad-Hoc|iPhoneSimulator.ActiveCfg = Ad-Hoc|iPhoneSimulator
		{F963ED69-7455-4BA0-9E5F-A2DD466F57A1}.Ad-Hoc|iPhoneSimulator.Build.0 = Ad-Hoc|iPhoneSimulator
		{F963ED69-7455-4BA0-9E5F-A2DD466F57A1}.Ad-Hoc|x64.ActiveCfg = Ad-Hoc|iPhone
		{F963ED69-7455-4BA0-9E5F-A2DD466F57A1}.Ad-Hoc|x86.ActiveCfg = Ad-Hoc|iPhone
		{F963ED69-7455-4BA0-9E5F-A2DD466F57A1}.AppStore|Any CPU.ActiveCfg = AppStore|iPhone
		{F963ED69-7455-4BA0-9E5F-A2DD466F57A1}.AppStore|ARM.ActiveCfg = AppStore|iPhone
		{F963ED69-7455-4BA0-9E5F-A2DD466F57A1}.AppStore|ARM64.ActiveCfg = AppStore|iPhone
		{F963ED69-7455-4BA0-9E5F-A2DD466F57A1}.AppStore|iPhone.ActiveCfg = AppStore|iPhone
		{F963ED69-7455-4BA0-9E5F-A2DD466F57A1}.AppStore|iPhone.Build.0 = AppStore|iPhone
		{F963ED69-7455-4BA0-9E5F-A2DD466F57A1}.AppStore|iPhoneSimulator.ActiveCfg = AppStore|iPhoneSimulator
		{F963ED69-7455-4BA0-9E5F-A2DD466F57A1}.AppStore|iPhoneSimulator.Build.0 = AppStore|iPhoneSimulator
		{F963ED69-7455-4BA0-9E5F-A2DD466F57A1}.AppStore|x64.ActiveCfg = AppStore|iPhone
		{F963ED69-7455-4BA0-9E5F-A2DD466F57A1}.AppStore|x86.ActiveCfg = AppStore|iPhone
		{F963ED69-7455-4BA0-9E5F-A2DD466F57A1}.Debug|Any CPU.ActiveCfg = Debug|iPhone
		{F963ED69-7455-4BA0-9E5F-A2DD466F57A1}.Debug|ARM.ActiveCfg = Debug|iPhone
		{F963ED69-7455-4BA0-9E5F-A2DD466F57A1}.Debug|ARM64.ActiveCfg = Debug|iPhone
		{F963ED69-7455-4BA0-9E5F-A2DD466F57A1}.Debug|iPhone.ActiveCfg = Debug|iPhone
		{F963ED69-7455-4BA0-9E5F-A2DD466F57A1}.Debug|iPhone.Build.0 = Debug|iPhone
		{F963ED69-7455-4BA0-9E5F-A2DD466F57A1}.Debug|iPhoneSimulator.ActiveCfg = Debug|iPhoneSimulator
		{F963ED69-7455-4BA0-9E5F-A2DD466F57A1}.Debug|iPhoneSimulator.Build.0 = Debug|iPhoneSimulator
		{F963ED69-7455-4BA0-9E5F-A2DD466F57A1}.Debug|x64.ActiveCfg = Debug|iPhone
		{F963ED69-7455-4BA0-9E5F-A2DD466F57A1}.Debug|x86.ActiveCfg = Debug|iPhone
		{F963ED69-7455-4BA0-9E5F-A2DD466F57A1}.Release|Any CPU.ActiveCfg = Release|iPhone
		{F963ED69-7455-4BA0-9E5F-A2DD466F57A1}.Release|ARM.ActiveCfg = Release|iPhone
		{F963ED69-7455-4BA0-9E5F-A2DD466F57A1}.Release|ARM64.ActiveCfg = Release|iPhone
		{F963ED69-7455-4BA0-9E5F-A2DD466F57A1}.Release|iPhone.ActiveCfg = Release|iPhone
		{F963ED69-7455-4BA0-9E5F-A2DD466F57A1}.Release|iPhone.Build.0 = Release|iPhone
		{F963ED69-7455-4BA0-9E5F-A2DD466F57A1}.Release|iPhoneSimulator.ActiveCfg = Release|iPhoneSimulator
		{F963ED69-7455-4BA0-9E5F-A2DD466F57A1}.Release|iPhoneSimulator.Build.0 = Release|iPhoneSimulator
		{F963ED69-7455-4BA0-9E5F-A2DD466F57A1}.Release|x64.ActiveCfg = Release|iPhone
		{F963ED69-7455-4BA0-9E5F-A2DD466F57A1}.Release|x86.ActiveCfg = Release|iPhone
		{A73157A5-7307-4B7F-A078-5B3B6DA4C2CE}.Ad-Hoc|Any CPU.ActiveCfg = Release|x64
		{A73157A5-7307-4B7F-A078-5B3B6DA4C2CE}.Ad-Hoc|Any CPU.Build.0 = Release|x64
		{A73157A5-7307-4B7F-A078-5B3B6DA4C2CE}.Ad-Hoc|Any CPU.Deploy.0 = Release|x64
		{A73157A5-7307-4B7F-A078-5B3B6DA4C2CE}.Ad-Hoc|ARM.ActiveCfg = Release|ARM
		{A73157A5-7307-4B7F-A078-5B3B6DA4C2CE}.Ad-Hoc|ARM.Build.0 = Release|ARM
		{A73157A5-7307-4B7F-A078-5B3B6DA4C2CE}.Ad-Hoc|ARM.Deploy.0 = Release|ARM
		{A73157A5-7307-4B7F-A078-5B3B6DA4C2CE}.Ad-Hoc|ARM64.ActiveCfg = Release|ARM64
		{A73157A5-7307-4B7F-A078-5B3B6DA4C2CE}.Ad-Hoc|ARM64.Build.0 = Release|ARM64
		{A73157A5-7307-4B7F-A078-5B3B6DA4C2CE}.Ad-Hoc|ARM64.Deploy.0 = Release|ARM64
		{A73157A5-7307-4B7F-A078-5B3B6DA4C2CE}.Ad-Hoc|iPhone.ActiveCfg = Release|x64
		{A73157A5-7307-4B7F-A078-5B3B6DA4C2CE}.Ad-Hoc|iPhone.Build.0 = Release|x64
		{A73157A5-7307-4B7F-A078-5B3B6DA4C2CE}.Ad-Hoc|iPhone.Deploy.0 = Release|x64
		{A73157A5-7307-4B7F-A078-5B3B6DA4C2CE}.Ad-Hoc|iPhoneSimulator.ActiveCfg = Release|x64
		{A73157A5-7307-4B7F-A078-5B3B6DA4C2CE}.Ad-Hoc|iPhoneSimulator.Build.0 = Release|x64
		{A73157A5-7307-4B7F-A078-5B3B6DA4C2CE}.Ad-Hoc|iPhoneSimulator.Deploy.0 = Release|x64
		{A73157A5-7307-4B7F-A078-5B3B6DA4C2CE}.Ad-Hoc|x64.ActiveCfg = Release|x64
		{A73157A5-7307-4B7F-A078-5B3B6DA4C2CE}.Ad-Hoc|x64.Build.0 = Release|x64
		{A73157A5-7307-4B7F-A078-5B3B6DA4C2CE}.Ad-Hoc|x64.Deploy.0 = Release|x64
		{A73157A5-7307-4B7F-A078-5B3B6DA4C2CE}.Ad-Hoc|x86.ActiveCfg = Release|x86
		{A73157A5-7307-4B7F-A078-5B3B6DA4C2CE}.Ad-Hoc|x86.Build.0 = Release|x86
		{A73157A5-7307-4B7F-A078-5B3B6DA4C2CE}.Ad-Hoc|x86.Deploy.0 = Release|x86
		{A73157A5-7307-4B7F-A078-5B3B6DA4C2CE}.AppStore|Any CPU.ActiveCfg = Release|x64
		{A73157A5-7307-4B7F-A078-5B3B6DA4C2CE}.AppStore|Any CPU.Build.0 = Release|x64
		{A73157A5-7307-4B7F-A078-5B3B6DA4C2CE}.AppStore|Any CPU.Deploy.0 = Release|x64
		{A73157A5-7307-4B7F-A078-5B3B6DA4C2CE}.AppStore|ARM.ActiveCfg = Release|ARM
		{A73157A5-7307-4B7F-A078-5B3B6DA4C2CE}.AppStore|ARM.Build.0 = Release|ARM
		{A73157A5-7307-4B7F-A078-5B3B6DA4C2CE}.AppStore|ARM.Deploy.0 = Release|ARM
		{A73157A5-7307-4B7F-A078-5B3B6DA4C2CE}.AppStore|ARM64.ActiveCfg = Release|ARM64
		{A73157A5-7307-4B7F-A078-5B3B6DA4C2CE}.AppStore|ARM64.Build.0 = Release|ARM64
		{A73157A5-7307-4B7F-A078-5B3B6DA4C2CE}.AppStore|ARM64.Deploy.0 = Release|ARM64
		{A73157A5-7307-4B7F-A078-5B3B6DA4C2CE}.AppStore|iPhone.ActiveCfg = Release|x64
		{A73157A5-7307-4B7F-A078-5B3B6DA4C2CE}.AppStore|iPhone.Build.0 = Release|x64
		{A73157A5-7307-4B7F-A078-5B3B6DA4C2CE}.AppStore|iPhone.Deploy.0 = Release|x64
		{A73157A5-7307-4B7F-A078-5B3B6DA4C2CE}.AppStore|iPhoneSimulator.ActiveCfg = Release|x64
		{A73157A5-7307-4B7F-A078-5B3B6DA4C2CE}.AppStore|iPhoneSimulator.Build.0 = Release|x64
		{A73157A5-7307-4B7F-A078-5B3B6DA4C2CE}.AppStore|iPhoneSimulator.Deploy.0 = Release|x64
		{A73157A5-7307-4B7F-A078-5B3B6DA4C2CE}.AppStore|x64.ActiveCfg = Release|x64
		{A73157A5-7307-4B7F-A078-5B3B6DA4C2CE}.AppStore|x64.Build.0 = Release|x64
		{A73157A5-7307-4B7F-A078-5B3B6DA4C2CE}.AppStore|x64.Deploy.0 = Release|x64
		{A73157A5-7307-4B7F-A078-5B3B6DA4C2CE}.AppStore|x86.ActiveCfg = Release|x86
		{A73157A5-7307-4B7F-A078-5B3B6DA4C2CE}.AppStore|x86.Build.0 = Release|x86
		{A73157A5-7307-4B7F-A078-5B3B6DA4C2CE}.AppStore|x86.Deploy.0 = Release|x86
		{A73157A5-7307-4B7F-A078-5B3B6DA4C2CE}.Debug|Any CPU.ActiveCfg = Debug|x86
		{A73157A5-7307-4B7F-A078-5B3B6DA4C2CE}.Debug|ARM.ActiveCfg = Debug|ARM
		{A73157A5-7307-4B7F-A078-5B3B6DA4C2CE}.Debug|ARM.Build.0 = Debug|ARM
		{A73157A5-7307-4B7F-A078-5B3B6DA4C2CE}.Debug|ARM.Deploy.0 = Debug|ARM
		{A73157A5-7307-4B7F-A078-5B3B6DA4C2CE}.Debug|ARM64.ActiveCfg = Debug|ARM64
		{A73157A5-7307-4B7F-A078-5B3B6DA4C2CE}.Debug|ARM64.Build.0 = Debug|ARM64
		{A73157A5-7307-4B7F-A078-5B3B6DA4C2CE}.Debug|ARM64.Deploy.0 = Debug|ARM64
		{A73157A5-7307-4B7F-A078-5B3B6DA4C2CE}.Debug|iPhone.ActiveCfg = Debug|x86
		{A73157A5-7307-4B7F-A078-5B3B6DA4C2CE}.Debug|iPhoneSimulator.ActiveCfg = Debug|x86
		{A73157A5-7307-4B7F-A078-5B3B6DA4C2CE}.Debug|x64.ActiveCfg = Debug|x64
		{A73157A5-7307-4B7F-A078-5B3B6DA4C2CE}.Debug|x64.Build.0 = Debug|x64
		{A73157A5-7307-4B7F-A078-5B3B6DA4C2CE}.Debug|x64.Deploy.0 = Debug|x64
		{A73157A5-7307-4B7F-A078-5B3B6DA4C2CE}.Debug|x86.ActiveCfg = Debug|x86
		{A73157A5-7307-4B7F-A078-5B3B6DA4C2CE}.Debug|x86.Build.0 = Debug|x86
		{A73157A5-7307-4B7F-A078-5B3B6DA4C2CE}.Debug|x86.Deploy.0 = Debug|x86
		{A73157A5-7307-4B7F-A078-5B3B6DA4C2CE}.Release|Any CPU.ActiveCfg = Release|x86
		{A73157A5-7307-4B7F-A078-5B3B6DA4C2CE}.Release|ARM.ActiveCfg = Release|ARM
		{A73157A5-7307-4B7F-A078-5B3B6DA4C2CE}.Release|ARM.Build.0 = Release|ARM
		{A73157A5-7307-4B7F-A078-5B3B6DA4C2CE}.Release|ARM.Deploy.0 = Release|ARM
		{A73157A5-7307-4B7F-A078-5B3B6DA4C2CE}.Release|ARM64.ActiveCfg = Release|ARM64
		{A73157A5-7307-4B7F-A078-5B3B6DA4C2CE}.Release|ARM64.Build.0 = Release|ARM64
		{A73157A5-7307-4B7F-A078-5B3B6DA4C2CE}.Release|ARM64.Deploy.0 = Release|ARM64
		{A73157A5-7307-4B7F-A078-5B3B6DA4C2CE}.Release|iPhone.ActiveCfg = Release|x86
		{A73157A5-7307-4B7F-A078-5B3B6DA4C2CE}.Release|iPhoneSimulator.ActiveCfg = Release|x86
		{A73157A5-7307-4B7F-A078-5B3B6DA4C2CE}.Release|x64.ActiveCfg = Release|x64
		{A73157A5-7307-4B7F-A078-5B3B6DA4C2CE}.Release|x64.Build.0 = Release|x64
		{A73157A5-7307-4B7F-A078-5B3B6DA4C2CE}.Release|x64.Deploy.0 = Release|x64
		{A73157A5-7307-4B7F-A078-5B3B6DA4C2CE}.Release|x86.ActiveCfg = Release|x86
		{A73157A5-7307-4B7F-A078-5B3B6DA4C2CE}.Release|x86.Build.0 = Release|x86
		{A73157A5-7307-4B7F-A078-5B3B6DA4C2CE}.Release|x86.Deploy.0 = Release|x86
		{749DDA8D-0AF6-4F23-AFA9-B3D533481F3D}.Ad-Hoc|Any CPU.ActiveCfg = Debug|Any CPU
		{749DDA8D-0AF6-4F23-AFA9-B3D533481F3D}.Ad-Hoc|Any CPU.Build.0 = Debug|Any CPU
		{749DDA8D-0AF6-4F23-AFA9-B3D533481F3D}.Ad-Hoc|ARM.ActiveCfg = Debug|Any CPU
		{749DDA8D-0AF6-4F23-AFA9-B3D533481F3D}.Ad-Hoc|ARM.Build.0 = Debug|Any CPU
		{749DDA8D-0AF6-4F23-AFA9-B3D533481F3D}.Ad-Hoc|ARM64.ActiveCfg = Debug|Any CPU
		{749DDA8D-0AF6-4F23-AFA9-B3D533481F3D}.Ad-Hoc|ARM64.Build.0 = Debug|Any CPU
		{749DDA8D-0AF6-4F23-AFA9-B3D533481F3D}.Ad-Hoc|iPhone.ActiveCfg = Debug|Any CPU
		{749DDA8D-0AF6-4F23-AFA9-B3D533481F3D}.Ad-Hoc|iPhone.Build.0 = Debug|Any CPU
		{749DDA8D-0AF6-4F23-AFA9-B3D533481F3D}.Ad-Hoc|iPhoneSimulator.ActiveCfg = Debug|Any CPU
		{749DDA8D-0AF6-4F23-AFA9-B3D533481F3D}.Ad-Hoc|iPhoneSimulator.Build.0 = Debug|Any CPU
		{749DDA8D-0AF6-4F23-AFA9-B3D533481F3D}.Ad-Hoc|x64.ActiveCfg = Debug|Any CPU
		{749DDA8D-0AF6-4F23-AFA9-B3D533481F3D}.Ad-Hoc|x64.Build.0 = Debug|Any CPU
		{749DDA8D-0AF6-4F23-AFA9-B3D533481F3D}.Ad-Hoc|x86.ActiveCfg = Debug|Any CPU
		{749DDA8D-0AF6-4F23-AFA9-B3D533481F3D}.Ad-Hoc|x86.Build.0 = Debug|Any CPU
		{749DDA8D-0AF6-4F23-AFA9-B3D533481F3D}.AppStore|Any CPU.ActiveCfg = Debug|Any CPU
		{749DDA8D-0AF6-4F23-AFA9-B3D533481F3D}.AppStore|Any CPU.Build.0 = Debug|Any CPU
		{749DDA8D-0AF6-4F23-AFA9-B3D533481F3D}.AppStore|ARM.ActiveCfg = Debug|Any CPU
		{749DDA8D-0AF6-4F23-AFA9-B3D533481F3D}.AppStore|ARM.Build.0 = Debug|Any CPU
		{749DDA8D-0AF6-4F23-AFA9-B3D533481F3D}.AppStore|ARM64.ActiveCfg = Debug|Any CPU
		{749DDA8D-0AF6-4F23-AFA9-B3D533481F3D}.AppStore|ARM64.Build.0 = Debug|Any CPU
		{749DDA8D-0AF6-4F23-AFA9-B3D533481F3D}.AppStore|iPhone.ActiveCfg = Debug|Any CPU
		{749DDA8D-0AF6-4F23-AFA9-B3D533481F3D}.AppStore|iPhone.Build.0 = Debug|Any CPU
		{749DDA8D-0AF6-4F23-AFA9-B3D533481F3D}.AppStore|iPhoneSimulator.ActiveCfg = Debug|Any CPU
		{749DDA8D-0AF6-4F23-AFA9-B3D533481F3D}.AppStore|iPhoneSimulator.Build.0 = Debug|Any CPU
		{749DDA8D-0AF6-4F23-AFA9-B3D533481F3D}.AppStore|x64.ActiveCfg = Debug|Any CPU
		{749DDA8D-0AF6-4F23-AFA9-B3D533481F3D}.AppStore|x64.Build.0 = Debug|Any CPU
		{749DDA8D-0AF6-4F23-AFA9-B3D533481F3D}.AppStore|x86.ActiveCfg = Debug|Any CPU
		{749DDA8D-0AF6-4F23-AFA9-B3D533481F3D}.AppStore|x86.Build.0 = Debug|Any CPU
		{749DDA8D-0AF6-4F23-AFA9-B3D533481F3D}.Debug|Any CPU.ActiveCfg = Debug|Any CPU
		{749DDA8D-0AF6-4F23-AFA9-B3D533481F3D}.Debug|Any CPU.Build.0 = Debug|Any CPU
		{749DDA8D-0AF6-4F23-AFA9-B3D533481F3D}.Debug|ARM.ActiveCfg = Debug|Any CPU
		{749DDA8D-0AF6-4F23-AFA9-B3D533481F3D}.Debug|ARM.Build.0 = Debug|Any CPU
		{749DDA8D-0AF6-4F23-AFA9-B3D533481F3D}.Debug|ARM64.ActiveCfg = Debug|Any CPU
		{749DDA8D-0AF6-4F23-AFA9-B3D533481F3D}.Debug|ARM64.Build.0 = Debug|Any CPU
		{749DDA8D-0AF6-4F23-AFA9-B3D533481F3D}.Debug|iPhone.ActiveCfg = Debug|Any CPU
		{749DDA8D-0AF6-4F23-AFA9-B3D533481F3D}.Debug|iPhone.Build.0 = Debug|Any CPU
		{749DDA8D-0AF6-4F23-AFA9-B3D533481F3D}.Debug|iPhoneSimulator.ActiveCfg = Debug|Any CPU
		{749DDA8D-0AF6-4F23-AFA9-B3D533481F3D}.Debug|iPhoneSimulator.Build.0 = Debug|Any CPU
		{749DDA8D-0AF6-4F23-AFA9-B3D533481F3D}.Debug|x64.ActiveCfg = Debug|Any CPU
		{749DDA8D-0AF6-4F23-AFA9-B3D533481F3D}.Debug|x64.Build.0 = Debug|Any CPU
		{749DDA8D-0AF6-4F23-AFA9-B3D533481F3D}.Debug|x86.ActiveCfg = Debug|Any CPU
		{749DDA8D-0AF6-4F23-AFA9-B3D533481F3D}.Debug|x86.Build.0 = Debug|Any CPU
		{749DDA8D-0AF6-4F23-AFA9-B3D533481F3D}.Release|Any CPU.ActiveCfg = Release|Any CPU
		{749DDA8D-0AF6-4F23-AFA9-B3D533481F3D}.Release|Any CPU.Build.0 = Release|Any CPU
		{749DDA8D-0AF6-4F23-AFA9-B3D533481F3D}.Release|ARM.ActiveCfg = Release|Any CPU
		{749DDA8D-0AF6-4F23-AFA9-B3D533481F3D}.Release|ARM.Build.0 = Release|Any CPU
		{749DDA8D-0AF6-4F23-AFA9-B3D533481F3D}.Release|ARM64.ActiveCfg = Release|Any CPU
		{749DDA8D-0AF6-4F23-AFA9-B3D533481F3D}.Release|ARM64.Build.0 = Release|Any CPU
		{749DDA8D-0AF6-4F23-AFA9-B3D533481F3D}.Release|iPhone.ActiveCfg = Release|Any CPU
		{749DDA8D-0AF6-4F23-AFA9-B3D533481F3D}.Release|iPhone.Build.0 = Release|Any CPU
		{749DDA8D-0AF6-4F23-AFA9-B3D533481F3D}.Release|iPhoneSimulator.ActiveCfg = Release|Any CPU
		{749DDA8D-0AF6-4F23-AFA9-B3D533481F3D}.Release|iPhoneSimulator.Build.0 = Release|Any CPU
		{749DDA8D-0AF6-4F23-AFA9-B3D533481F3D}.Release|x64.ActiveCfg = Release|Any CPU
		{749DDA8D-0AF6-4F23-AFA9-B3D533481F3D}.Release|x64.Build.0 = Release|Any CPU
		{749DDA8D-0AF6-4F23-AFA9-B3D533481F3D}.Release|x86.ActiveCfg = Release|Any CPU
		{749DDA8D-0AF6-4F23-AFA9-B3D533481F3D}.Release|x86.Build.0 = Release|Any CPU
		{B33E8423-6596-4EA8-99DA-181E7A167B78}.Ad-Hoc|Any CPU.ActiveCfg = Release|iPhoneSimulator
		{B33E8423-6596-4EA8-99DA-181E7A167B78}.Ad-Hoc|Any CPU.Build.0 = Release|iPhoneSimulator
		{B33E8423-6596-4EA8-99DA-181E7A167B78}.Ad-Hoc|ARM.ActiveCfg = Release|iPhoneSimulator
		{B33E8423-6596-4EA8-99DA-181E7A167B78}.Ad-Hoc|ARM.Build.0 = Release|iPhoneSimulator
		{B33E8423-6596-4EA8-99DA-181E7A167B78}.Ad-Hoc|ARM64.ActiveCfg = Release|iPhoneSimulator
		{B33E8423-6596-4EA8-99DA-181E7A167B78}.Ad-Hoc|ARM64.Build.0 = Release|iPhoneSimulator
		{B33E8423-6596-4EA8-99DA-181E7A167B78}.Ad-Hoc|iPhone.ActiveCfg = Release|iPhoneSimulator
		{B33E8423-6596-4EA8-99DA-181E7A167B78}.Ad-Hoc|iPhone.Build.0 = Release|iPhoneSimulator
		{B33E8423-6596-4EA8-99DA-181E7A167B78}.Ad-Hoc|iPhoneSimulator.ActiveCfg = Release|iPhoneSimulator
		{B33E8423-6596-4EA8-99DA-181E7A167B78}.Ad-Hoc|iPhoneSimulator.Build.0 = Release|iPhoneSimulator
		{B33E8423-6596-4EA8-99DA-181E7A167B78}.Ad-Hoc|x64.ActiveCfg = Release|iPhoneSimulator
		{B33E8423-6596-4EA8-99DA-181E7A167B78}.Ad-Hoc|x64.Build.0 = Release|iPhoneSimulator
		{B33E8423-6596-4EA8-99DA-181E7A167B78}.Ad-Hoc|x86.ActiveCfg = Release|iPhoneSimulator
		{B33E8423-6596-4EA8-99DA-181E7A167B78}.Ad-Hoc|x86.Build.0 = Release|iPhoneSimulator
		{B33E8423-6596-4EA8-99DA-181E7A167B78}.AppStore|Any CPU.ActiveCfg = Release|iPhoneSimulator
		{B33E8423-6596-4EA8-99DA-181E7A167B78}.AppStore|Any CPU.Build.0 = Release|iPhoneSimulator
		{B33E8423-6596-4EA8-99DA-181E7A167B78}.AppStore|ARM.ActiveCfg = Release|iPhoneSimulator
		{B33E8423-6596-4EA8-99DA-181E7A167B78}.AppStore|ARM.Build.0 = Release|iPhoneSimulator
		{B33E8423-6596-4EA8-99DA-181E7A167B78}.AppStore|ARM64.ActiveCfg = Release|iPhoneSimulator
		{B33E8423-6596-4EA8-99DA-181E7A167B78}.AppStore|ARM64.Build.0 = Release|iPhoneSimulator
		{B33E8423-6596-4EA8-99DA-181E7A167B78}.AppStore|iPhone.ActiveCfg = Release|iPhoneSimulator
		{B33E8423-6596-4EA8-99DA-181E7A167B78}.AppStore|iPhone.Build.0 = Release|iPhoneSimulator
		{B33E8423-6596-4EA8-99DA-181E7A167B78}.AppStore|iPhoneSimulator.ActiveCfg = Release|iPhoneSimulator
		{B33E8423-6596-4EA8-99DA-181E7A167B78}.AppStore|iPhoneSimulator.Build.0 = Release|iPhoneSimulator
		{B33E8423-6596-4EA8-99DA-181E7A167B78}.AppStore|x64.ActiveCfg = Release|iPhoneSimulator
		{B33E8423-6596-4EA8-99DA-181E7A167B78}.AppStore|x64.Build.0 = Release|iPhoneSimulator
		{B33E8423-6596-4EA8-99DA-181E7A167B78}.AppStore|x86.ActiveCfg = Release|iPhoneSimulator
		{B33E8423-6596-4EA8-99DA-181E7A167B78}.AppStore|x86.Build.0 = Release|iPhoneSimulator
		{B33E8423-6596-4EA8-99DA-181E7A167B78}.Debug|Any CPU.ActiveCfg = Debug|iPhoneSimulator
		{B33E8423-6596-4EA8-99DA-181E7A167B78}.Debug|ARM.ActiveCfg = Debug|iPhoneSimulator
		{B33E8423-6596-4EA8-99DA-181E7A167B78}.Debug|ARM64.ActiveCfg = Debug|iPhoneSimulator
		{B33E8423-6596-4EA8-99DA-181E7A167B78}.Debug|iPhone.ActiveCfg = Debug|iPhoneSimulator
		{B33E8423-6596-4EA8-99DA-181E7A167B78}.Debug|iPhoneSimulator.ActiveCfg = Debug|iPhoneSimulator
		{B33E8423-6596-4EA8-99DA-181E7A167B78}.Debug|iPhoneSimulator.Build.0 = Debug|iPhoneSimulator
		{B33E8423-6596-4EA8-99DA-181E7A167B78}.Debug|x64.ActiveCfg = Debug|iPhoneSimulator
		{B33E8423-6596-4EA8-99DA-181E7A167B78}.Debug|x86.ActiveCfg = Debug|iPhoneSimulator
		{B33E8423-6596-4EA8-99DA-181E7A167B78}.Release|Any CPU.ActiveCfg = Release|iPhoneSimulator
		{B33E8423-6596-4EA8-99DA-181E7A167B78}.Release|ARM.ActiveCfg = Release|iPhoneSimulator
		{B33E8423-6596-4EA8-99DA-181E7A167B78}.Release|ARM64.ActiveCfg = Release|iPhoneSimulator
		{B33E8423-6596-4EA8-99DA-181E7A167B78}.Release|iPhone.ActiveCfg = Release|iPhoneSimulator
		{B33E8423-6596-4EA8-99DA-181E7A167B78}.Release|iPhoneSimulator.ActiveCfg = Release|iPhoneSimulator
		{B33E8423-6596-4EA8-99DA-181E7A167B78}.Release|iPhoneSimulator.Build.0 = Release|iPhoneSimulator
		{B33E8423-6596-4EA8-99DA-181E7A167B78}.Release|x64.ActiveCfg = Release|iPhoneSimulator
		{B33E8423-6596-4EA8-99DA-181E7A167B78}.Release|x86.ActiveCfg = Release|iPhoneSimulator
	EndGlobalSection
	GlobalSection(SolutionProperties) = preSolution
		HideSolutionNode = FALSE
	EndGlobalSection
	GlobalSection(ExtensibilityGlobals) = postSolution
		SolutionGuid = {DE2D2664-0812-4050-8A53-A4031D5E4B6F}
	EndGlobalSection
EndGlobal
